
Microsoft Visual Studio Solution File, Format Version 12.00
# Visual Studio for Mac
Project("{FAE04EC0-301F-11D3-BF4B-00C04F79EFBC}") = "Assembly-CSharp", "Assembly-CSharp.csproj", "{C233A795-AC9C-2603-41D7-784B377D64D9}"
EndProject
Project("{FAE04EC0-301F-11D3-BF4B-00C04F79EFBC}") = "Assembly-CSharp-Editor", "Assembly-CSharp-Editor.csproj", "{47B05B3C-6719-D640-BA52-85A3A69433AA}"
EndProject
Global
	GlobalSection(SolutionConfigurationPlatforms) = preSolution
		Debug|Any CPU = Debug|Any CPU
		Release|Any CPU = Release|Any CPU
	EndGlobalSection
	GlobalSection(ProjectConfigurationPlatforms) = postSolution
		{C233A795-AC9C-2603-41D7-784B377D64D9}.Debug|Any CPU.ActiveCfg = Debug|Any CPU
		{C233A795-AC9C-2603-41D7-784B377D64D9}.Debug|Any CPU.Build.0 = Debug|Any CPU
		{C233A795-AC9C-2603-41D7-784B377D64D9}.Release|Any CPU.ActiveCfg = Release|Any CPU
		{C233A795-AC9C-2603-41D7-784B377D64D9}.Release|Any CPU.Build.0 = Release|Any CPU
		{47B05B3C-6719-D640-BA52-85A3A69433AA}.Debug|Any CPU.ActiveCfg = Debug|Any CPU
		{47B05B3C-6719-D640-BA52-85A3A69433AA}.Debug|Any CPU.Build.0 = Debug|Any CPU
		{47B05B3C-6719-D640-BA52-85A3A69433AA}.Release|Any CPU.ActiveCfg = Release|Any CPU
		{47B05B3C-6719-D640-BA52-85A3A69433AA}.Release|Any CPU.Build.0 = Release|Any CPU
	EndGlobalSection
	GlobalSection(SolutionProperties) = preSolution
		HideSolutionNode = FALSE
	EndGlobalSection
EndGlobal
